
Microsoft Visual Studio Solution File, Format Version 12.00
# Visual Studio Version 17
VisualStudioVersion = 17.4.33213.308
MinimumVisualStudioVersion = 10.0.40219.1
Project("{FAE04EC0-301F-11D3-BF4B-00C04F79EFBC}") = "GAR_table", "GAR_table\GAR_table.csproj", "{FC1278D4-6109-4B55-9AB2-4E01B6FE086E}"
EndProject
Global
	GlobalSection(SolutionConfigurationPlatforms) = preSolution
		Debug|Any CPU = Debug|Any CPU
		Release|Any CPU = Release|Any CPU
	EndGlobalSection
	GlobalSection(ProjectConfigurationPlatforms) = postSolution
		{FC1278D4-6109-4B55-9AB2-4E01B6FE086E}.Debug|Any CPU.ActiveCfg = Debug|Any CPU
		{FC1278D4-6109-4B55-9AB2-4E01B6FE086E}.Debug|Any CPU.Build.0 = Debug|Any CPU
		{FC1278D4-6109-4B55-9AB2-4E01B6FE086E}.Release|Any CPU.ActiveCfg = Release|Any CPU
		{FC1278D4-6109-4B55-9AB2-4E01B6FE086E}.Release|Any CPU.Build.0 = Release|Any CPU
	EndGlobalSection
	GlobalSection(SolutionProperties) = preSolution
		HideSolutionNode = FALSE
	EndGlobalSection
	GlobalSection(ExtensibilityGlobals) = postSolution
		SolutionGuid = {87FD2809-AD09-4FB9-A3C4-E20555B09DAC}
	EndGlobalSection
EndGlobal
